{
  "name": "state-machine",
  "version": "1.0.0",
  "lockfileVersion": 1,
  "requires": true,
  "dependencies": {
    "xstate": {
      "version": "4.1.2",
      "resolved": "https://registry.npmjs.org/xstate/-/xstate-4.1.2.tgz",
      "integrity": "sha512-YjCpT+si6QfKTX5o7evf1/FvBUeSfvUxz7Eay/SlGFBtPm1ZSeCH4MGuTSgTtRaw63m40MbMj6jc+OF8JuQorg=="
    }
  }
}
